// !$*UTF8*$!
{
	archiveVersion = 1;
	classes = {
	};
	objectVersion = 77;
	objects = {

/* Begin PBXContainerItemProxy section */
		5C68C6A32FB1CED600DAA561 /* PBXContainerItemProxy */ = {
			isa = PBXContainerItemProxy;
			containerPortal = 5C68C68B2FB1CED300DAA561 /* Project object */;
			proxyType = 1;
			remoteGlobalIDString = 5C68C6922FB1CED300DAA561;
			remoteInfo = ListingLens;
		};
		5C68C6AD2FB1CED600DAA561 /* PBXContainerItemProxy */ = {
			isa = PBXContainerItemProxy;
			containerPortal = 5C68C68B2FB1CED300DAA561 /* Project object */;
			proxyType = 1;
			remoteGlobalIDString = 5C68C6922FB1CED300DAA561;
			remoteInfo = ListingLens;
		};
/* End PBXContainerItemProxy section */

/* Begin PBXFileReference section */
		5C68C6932FB1CED300DAA561 /* ListingLens.app */ = {isa = PBXFileReference; explicitFileType = wrapper.application; includeInIndex = 0; path = ListingLens.app; sourceTree = BUILT_PRODUCTS_DIR; };
		5C68C6A22FB1CED600DAA561 /* ListingLensTests.xctest */ = {isa = PBXFileReference; explicitFileType = wrapper.cfbundle; includeInIndex = 0; path = ListingLensTests.xctest; sourceTree = BUILT_PRODUCTS_DIR; };
		5C68C6AC2FB1CED600DAA561 /* ListingLensUITests.xctest */ = {isa = PBXFileReference; explicitFileType = wrapper.cfbundle; includeInIndex = 0; path = ListingLensUITests.xctest; sourceTree = BUILT_PRODUCTS_DIR; };
		5C7E76F22FB237EC0061525E /* README.md */ = {isa = PBXFileReference; lastKnownFileType = net.daringfireball.markdown; path = README.md; sourceTree = "<group>"; };
/* End PBXFileReference section */

/* Begin PBXFileSystemSynchronizedRootGroup section */
		5C68C6A52FB1CED600DAA561 /* ListingLensTests */ = {
			isa = PBXFileSystemSynchronizedRootGroup;
			path = ListingLensTests;
			sourceTree = "<group>";
		};
		5C68C6AF2FB1CED600DAA561 /* ListingLensUITests */ = {
			isa = PBXFileSystemSynchronizedRootGroup;
			path = ListingLensUITests;
			sourceTree = "<group>";
		};
		5C7E76C42FB2312E0061525E /* ListingLens */ = {
			isa = PBXFileSystemSynchronizedRootGroup;
			path = ListingLens;
			sourceTree = "<group>";
		};
		5C7E770C2FB2382D0061525E /* docs */ = {
			isa = PBXFileSystemSynchronizedRootGroup;
			path = docs;
			sourceTree = "<group>";
		};
/* End PBXFileSystemSynchronizedRootGroup section */

/* Begin PBXFrameworksBuildPhase section */
		5C68C6902FB1CED300DAA561 /* Frameworks */ = {
			isa = PBXFrameworksBuildPhase;
			buildActionMask = 2147483647;
			files = (
			);
			runOnlyForDeploymentPostprocessing = 0;
		};
		5C68C69F2FB1CED600DAA561 /* Frameworks */ = {
			isa = PBXFrameworksBuildPhase;
			buildActionMask = 2147483647;
			files = (
			);
			runOnlyForDeploymentPostprocessing = 0;
		};
		5C68C6A92FB1CED600DAA561 /* Frameworks */ = {
			isa = PBXFrameworksBuildPhase;
			buildActionMask = 2147483647;
			files = (
			);
			runOnlyForDeploymentPostprocessing = 0;
		};
/* End PBXFrameworksBuildPhase section */

/* Begin PBXGroup section */
		5C68C68A2FB1CED300DAA561 = {
			isa = PBXGroup;
			children = (
				5C7E76C42FB2312E0061525E /* ListingLens */,
				5C68C6A52FB1CED600DAA561 /* ListingLensTests */,
				5C68C6AF2FB1CED600DAA561 /* ListingLensUITests */,
				5C68C6942FB1CED300DAA561 /* Products */,
				5C7E770C2FB2382D0061525E /* docs */,
				5C7E76F22FB237EC0061525E /* README.md */,
			);
			sourceTree = "<group>";
		};
		5C68C6942FB1CED300DAA561 /* Products */ = {
			isa = PBXGroup;
			children = (
				5C68C6932FB1CED300DAA561 /* ListingLens.app */,
				5C68C6A22FB1CED600DAA561 /* ListingLensTests.xctest */,
				5C68C6AC2FB1CED600DAA561 /* ListingLensUITests.xctest */,
			);
			name = Products;
			sourceTree = "<group>";
		};
/* End PBXGroup section */

/* Begin PBXNativeTarget section */
		5C68C6922FB1CED300DAA561 /* ListingLens */ = {
			isa = PBXNativeTarget;
			buildConfigurationList = 5C68C6B62FB1CED600DAA561 /* Build configuration list for PBXNativeTarget "ListingLens" */;
			buildPhases = (
				5C68C68F2FB1CED300DAA561 /* Sources */,
				5C68C6902FB1CED300DAA561 /* Frameworks */,
				5C68C6912FB1CED300DAA561 /* Resources */,
			);
			buildRules = (
			);
			dependencies = (
			);
			fileSystemSynchronizedGroups = (
				5C7E76C42FB2312E0061525E /* ListingLens */,
			);
			name = ListingLens;
			packageProductDependencies = (
			);
			productName = ListingLens;
			productReference = 5C68C6932FB1CED300DAA561 /* ListingLens.app */;
			productType = "com.apple.product-type.application";
		};
		5C68C6A12FB1CED600DAA561 /* ListingLensTests */ = {
			isa = PBXNativeTarget;
			buildConfigurationList = 5C68C6B92FB1CED600DAA561 /* Build configuration list for PBXNativeTarget "ListingLensTests" */;
			buildPhases = (
				5C68C69E2FB1CED600DAA561 /* Sources */,
				5C68C69F2FB1CED600DAA561 /* Frameworks */,
				5C68C6A02FB1CED600DAA561 /* Resources */,
			);
			buildRules = (
			);
			dependencies = (
				5C68C6A42FB1CED600DAA561 /* PBXTargetDependency */,
			);
			fileSystemSynchronizedGroups = (
				5C68C6A52FB1CED600DAA561 /* ListingLensTests */,
			);
			name = ListingLensTests;
			packageProductDependencies = (
			);
			productName = ListingLensTests;
			productReference = 5C68C6A22FB1CED600DAA561 /* ListingLensTests.xctest */;
			productType = "com.apple.product-type.bundle.unit-test";
		};
		5C68C6AB2FB1CED600DAA561 /* ListingLensUITests */ = {
			isa = PBXNativeTarget;
			buildConfigurationList = 5C68C6BC2FB1CED600DAA561 /* Build configuration list for PBXNativeTarget "ListingLensUITests" */;
			buildPhases = (
				5C68C6A82FB1CED600DAA561 /* Sources */,
				5C68C6A92FB1CED600DAA561 /* Frameworks */,
				5C68C6AA2FB1CED600DAA561 /* Resources */,
			);
			buildRules = (
			);
			dependencies = (
				5C68C6AE2FB1CED600DAA561 /* PBXTargetDependency */,
			);
			fileSystemSynchronizedGroups = (
				5C68C6AF2FB1CED600DAA561 /* ListingLensUITests */,
			);
			name = ListingLensUITests;
			packageProductDependencies = (
			);
			productName = ListingLensUITests;
			productReference = 5C68C6AC2FB1CED600DAA561 /* ListingLensUITests.xctest */;
			productType = "com.apple.product-type.bundle.ui-testing";
		};
/* End PBXNativeTarget section */

/* Begin PBXProject section */
		5C68C68B2FB1CED300DAA561 /* Project object */ = {
			isa = PBXProject;
			attributes = {
				BuildIndependentTargetsInParallel = 1;
				LastSwiftUpdateCheck = 2630;
				LastUpgradeCheck = 2630;
				TargetAttributes = {
					5C68C6922FB1CED300DAA561 = {
						CreatedOnToolsVersion = 26.3;
					};
					5C68C6A12FB1CED600DAA561 = {
						CreatedOnToolsVersion = 26.3;
						TestTargetID = 5C68C6922FB1CED300DAA561;
					};
					5C68C6AB2FB1CED600DAA561 = {
						CreatedOnToolsVersion = 26.3;
						TestTargetID = 5C68C6922FB1CED300DAA561;
					};
				};
			};
			buildConfigurationList = 5C68C68E2FB1CED300DAA561 /* Build configuration list for PBXProject "ListingLens" */;
			developmentRegion = en;
			hasScannedForEncodings = 0;
			knownRegions = (
				en,
				Base,
			);
			mainGroup = 5C68C68A2FB1CED300DAA561;
			minimizedProjectReferenceProxies = 1;
			preferredProjectObjectVersion = 77;
			productRefGroup = 5C68C6942FB1CED300DAA561 /* Products */;
			projectDirPath = "";
			projectRoot = "";
			targets = (
				5C68C6922FB1CED300DAA561 /* ListingLens */,
				5C68C6A12FB1CED600DAA561 /* ListingLensTests */,
				5C68C6AB2FB1CED600DAA561 /* ListingLensUITests */,
			);
		};
/* End PBXProject section */

/* Begin PBXResourcesBuildPhase section */
		5C68C6912FB1CED300DAA561 /* Resources */ = {
			isa = PBXResourcesBuildPhase;
			buildActionMask = 2147483647;
			files = (
			);
			runOnlyForDeploymentPostprocessing = 0;
		};
		5C68C6A02FB1CED600DAA561 /* Resources */ = {
			isa = PBXResourcesBuildPhase;
			buildActionMask = 2147483647;
			files = (
			);
			runOnlyForDeploymentPostprocessing = 0;
		};
		5C68C6AA2FB1CED600DAA561 /* Resources */ = {
			isa = PBXResourcesBuildPhase;
			buildActionMask = 2147483647;
			files = (
			);
			runOnlyForDeploymentPostprocessing = 0;
		};
/* End PBXResourcesBuildPhase section */

/* Begin PBXSourcesBuildPhase section */
		5C68C68F2FB1CED300DAA561 /* Sources */ = {
			isa = PBXSourcesBuildPhase;
			buildActionMask = 2147483647;
			files = (
			);
			runOnlyForDeploymentPostprocessing = 0;
		};
		5C68C69E2FB1CED600DAA561 /* Sources */ = {
			isa = PBXSourcesBuildPhase;
			buildActionMask = 2147483647;
			files = (
			);
			runOnlyForDeploymentPostprocessing = 0;
		};
		5C68C6A82FB1CED600DAA561 /* Sources */ = {
			isa = PBXSourcesBuildPhase;
			buildActionMask = 2147483647;
			files = (
			);
			runOnlyForDeploymentPostprocessing = 0;
		};
/* End PBXSourcesBuildPhase section */

/* Begin PBXTargetDependency section */
		5C68C6A42FB1CED600DAA561 /* PBXTargetDependency */ = {
			isa = PBXTargetDependency;
			target = 5C68C6922FB1CED300DAA561 /* ListingLens */;
			targetProxy = 5C68C6A32FB1CED600DAA561 /* PBXContainerItemProxy */;
		};
		5C68C6AE2FB1CED600DAA561 /* PBXTargetDependency */ = {
			isa = PBXTargetDependency;
			target = 5C68C6922FB1CED300DAA561 /* ListingLens */;
			targetProxy = 5C68C6AD2FB1CED600DAA561 /* PBXContainerItemProxy */;
		};
/* End PBXTargetDependency section */

/* Begin XCBuildConfiguration section */
		5C68C6B42FB1CED600DAA561 /* Debug */ = {
			isa = XCBuildConfiguration;
			buildSettings = {
				ALWAYS_SEARCH_USER_PATHS = NO;
				ASSETCATALOG_COMPILER_GENERATE_SWIFT_ASSET_SYMBOL_EXTENSIONS = YES;
				CLANG_ANALYZER_NONNULL = YES;
				CLANG_ANALYZER_NUMBER_OBJECT_CONVERSION = YES_AGGRESSIVE;
				CLANG_CXX_LANGUAGE_STANDARD = "gnu++20";
				CLANG_ENABLE_MODULES = YES;
				CLANG_ENABLE_OBJC_ARC = YES;
				CLANG_ENABLE_OBJC_WEAK = YES;
				CLANG_WARN_BLOCK_CAPTURE_AUTORELEASING = YES;
				CLANG_WARN_BOOL_CONVERSION = YES;
				CLANG_WARN_COMMA = YES;
				CLANG_WARN_CONSTANT_CONVERSION = YES;
				CLANG_WARN_DEPRECATED_OBJC_IMPLEMENTATIONS = YES;
				CLANG_WARN_DIRECT_OBJC_ISA_USAGE = YES_ERROR;
				CLANG_WARN_DOCUMENTATION_COMMENTS = YES;
				CLANG_WARN_EMPTY_BODY = YES;
				CLANG_WARN_ENUM_CONVERSION = YES;
				CLANG_WARN_INFINITE_RECURSION = YES;
				CLANG_WARN_INT_CONVERSION = YES;
				CLANG_WARN_NON_LITERAL_NULL_CONVERSION = YES;
				CLANG_WARN_OBJC_IMPLICIT_RETAIN_SELF = YES;
				CLANG_WARN_OBJC_LITERAL_CONVERSION = YES;
				CLANG_WARN_OBJC_ROOT_CLASS = YES_ERROR;
				CLANG_WARN_QUOTED_INCLUDE_IN_FRAMEWORK_HEADER = YES;
				CLANG_WARN_RANGE_LOOP_ANALYSIS = YES;
				CLANG_WARN_STRICT_PROTOTYPES = YES;
				CLANG_WARN_SUSPICIOUS_MOVE = YES;
				CLANG_WARN_UNGUARDED_AVAILABILITY = YES_AGGRESSIVE;
				CLANG_WARN_UNREACHABLE_CODE = YES;
				CLANG_WARN__DUPLICATE_METHOD_MATCH = YES;
				COPY_PHASE_STRIP = NO;
				DEBUG_INFORMATION_FORMAT = dwarf;
				ENABLE_STRICT_OBJC_MSGSEND = YES;
				ENABLE_TESTABILITY = YES;
				ENABLE_USER_SCRIPT_SANDBOXING = YES;
				GCC_C_LANGUAGE_STANDARD = gnu17;
				GCC_DYNAMIC_NO_PIC = NO;
				GCC_NO_COMMON_BLOCKS = YES;
				GCC_OPTIMIZATION_LEVEL = 0;
				GCC_PREPROCESSOR_DEFINITIONS = (
					"DEBUG=1",
					"$(inherited)",
				);
				GCC_WARN_64_TO_32_BIT_CONVERSION = YES;
				GCC_WARN_ABOUT_RETURN_TYPE = YES_ERROR;
				GCC_WARN_UNDECLARED_SELECTOR = YES;
				GCC_WARN_UNINITIALIZED_AUTOS = YES_AGGRESSIVE;
				GCC_WARN_UNUSED_FUNCTION = YES;
				GCC_WARN_UNUSED_VARIABLE = YES;
				IPHONEOS_DEPLOYMENT_TARGET = 26.2;
				LOCALIZATION_PREFERS_STRING_CATALOGS = YES;
				MTL_ENABLE_DEBUG_INFO = INCLUDE_SOURCE;
				MTL_FAST_MATH = YES;
				ONLY_ACTIVE_ARCH = YES;
				SDKROOT = iphoneos;
				SWIFT_ACTIVE_COMPILATION_CONDITIONS = "DEBUG $(inherited)";
				SWIFT_OPTIMIZATION_LEVEL = "-Onone";
			};
			name = Debug;
		};
		5C68C6B52FB1CED600DAA561 /* Release */ = {
			isa = XCBuildConfiguration;
			buildSettings = {
				ALWAYS_SEARCH_USER_PATHS = NO;
				ASSETCATALOG_COMPILER_GENERATE_SWIFT_ASSET_SYMBOL_EXTENSIONS = YES;
				CLANG_ANALYZER_NONNULL = YES;
				CLANG_ANALYZER_NUMBER_OBJECT_CONVERSION = YES_AGGRESSIVE;
				CLANG_CXX_LANGUAGE_STANDARD = "gnu++20";
				CLANG_ENABLE_MODULES = YES;
				CLANG_ENABLE_OBJC_ARC = YES;
				CLANG_ENABLE_OBJC_WEAK = YES;
				CLANG_WARN_BLOCK_CAPTURE_AUTORELEASING = YES;
				CLANG_WARN_BOOL_CONVERSION = YES;
				CLANG_WARN_COMMA = YES;
				CLANG_WARN_CONSTANT_CONVERSION = YES;
				CLANG_WARN_DEPRECATED_OBJC_IMPLEMENTATIONS = YES;
				CLANG_WARN_DIRECT_OBJC_ISA_USAGE = YES_ERROR;
				CLANG_WARN_DOCUMENTATION_COMMENTS = YES;
				CLANG_WARN_EMPTY_BODY = YES;
				CLANG_WARN_ENUM_CONVERSION = YES;
				CLANG_WARN_INFINITE_RECURSION = YES;
				CLANG_WARN_INT_CONVERSION = YES;
				CLANG_WARN_NON_LITERAL_NULL_CONVERSION = YES;
				CLANG_WARN_OBJC_IMPLICIT_RETAIN_SELF = YES;
				CLANG_WARN_OBJC_LITERAL_CONVERSION = YES;
				CLANG_WARN_OBJC_ROOT_CLASS = YES_ERROR;
				CLANG_WARN_QUOTED_INCLUDE_IN_FRAMEWORK_HEADER = YES;
				CLANG_WARN_RANGE_LOOP_ANALYSIS = YES;
				CLANG_WARN_STRICT_PROTOTYPES = YES;
				CLANG_WARN_SUSPICIOUS_MOVE = YES;
				CLANG_WARN_UNGUARDED_AVAILABILITY = YES_AGGRESSIVE;
				CLANG_WARN_UNREACHABLE_CODE = YES;
				CLANG_WARN__DUPLICATE_METHOD_MATCH = YES;
				COPY_PHASE_STRIP = NO;
				DEBUG_INFORMATION_FORMAT = "dwarf-with-dsym";
				ENABLE_NS_ASSERTIONS = NO;
				ENABLE_STRICT_OBJC_MSGSEND = YES;
				ENABLE_USER_SCRIPT_SANDBOXING = YES;
				GCC_C_LANGUAGE_STANDARD = gnu17;
				GCC_NO_COMMON_BLOCKS = YES;
				GCC_WARN_64_TO_32_BIT_CONVERSION = YES;
				GCC_WARN_ABOUT_RETURN_TYPE = YES_ERROR;
				GCC_WARN_UNDECLARED_SELECTOR = YES;
				GCC_WARN_UNINITIALIZED_AUTOS = YES_AGGRESSIVE;
				GCC_WARN_UNUSED_FUNCTION = YES;
				GCC_WARN_UNUSED_VARIABLE = YES;
				IPHONEOS_DEPLOYMENT_TARGET = 26.2;
				LOCALIZATION_PREFERS_STRING_CATALOGS = YES;
				MTL_ENABLE_DEBUG_INFO = NO;
				MTL_FAST_MATH = YES;
				SDKROOT = iphoneos;
				SWIFT_COMPILATION_MODE = wholemodule;
				VALIDATE_PRODUCT = YES;
			};
			name = Release;
		};
		5C68C6B72FB1CED600DAA561 /* Debug */ = {
			isa = XCBuildConfiguration;
			buildSettings = {
				ASSETCATALOG_COMPILER_APPICON_NAME = AppIcon;
				ASSETCATALOG_COMPILER_GLOBAL_ACCENT_COLOR_NAME = AccentColor;
				CODE_SIGN_STYLE = Automatic;
				CURRENT_PROJECT_VERSION = 1;
				ENABLE_PREVIEWS = YES;
				GENERATE_INFOPLIST_FILE = YES;
				INFOPLIST_KEY_UIApplicationSceneManifest_Generation = YES;
				INFOPLIST_KEY_UIApplicationSupportsIndirectInputEvents = YES;
				INFOPLIST_KEY_UILaunchScreen_Generation = YES;
				INFOPLIST_KEY_UISupportedInterfaceOrientations_iPad = "UIInterfaceOrientationPortrait UIInterfaceOrientationPortraitUpsideDown UIInterfaceOrientationLandscapeLeft UIInterfaceOrientationLandscapeRight";
				INFOPLIST_KEY_UISupportedInterfaceOrientations_iPhone = "UIInterfaceOrientationPortrait UIInterfaceOrientationLandscapeLeft UIInterfaceOrientationLandscapeRight";
				LD_RUNPATH_SEARCH_PATHS = (
					"$(inherited)",
					"@executable_path/Frameworks",
				);
				MARKETING_VERSION = 1.0;
				PRODUCT_BUNDLE_IDENTIFIER = fardinzam.ListingLens;
				PRODUCT_NAME = "$(TARGET_NAME)";
				STRING_CATALOG_GENERATE_SYMBOLS = YES;
				SWIFT_APPROACHABLE_CONCURRENCY = YES;
				SWIFT_DEFAULT_ACTOR_ISOLATION = MainActor;
				SWIFT_EMIT_LOC_STRINGS = YES;
				SWIFT_UPCOMING_FEATURE_MEMBER_IMPORT_VISIBILITY = YES;
				SWIFT_VERSION = 5.0;
				TARGETED_DEVICE_FAMILY = "1,2";
			};
			name = Debug;
		};
		5C68C6B82FB1CED600DAA561 /* Release */ = {
			isa = XCBuildConfiguration;
			buildSettings = {
				ASSETCATALOG_COMPILER_APPICON_NAME = AppIcon;
				ASSETCATALOG_COMPILER_GLOBAL_ACCENT_COLOR_NAME = AccentColor;
				CODE_SIGN_STYLE = Automatic;
				CURRENT_PROJECT_VERSION = 1;
				ENABLE_PREVIEWS = YES;
				GENERATE_INFOPLIST_FILE = YES;
				INFOPLIST_KEY_UIApplicationSceneManifest_Generation = YES;
				INFOPLIST_KEY_UIApplicationSupportsIndirectInputEvents = YES;
				INFOPLIST_KEY_UILaunchScreen_Generation = YES;
				INFOPLIST_KEY_UISupportedInterfaceOrientations_iPad = "UIInterfaceOrientationPortrait UIInterfaceOrientationPortraitUpsideDown UIInterfaceOrientationLandscapeLeft UIInterfaceOrientationLandscapeRight";
				INFOPLIST_KEY_UISupportedInterfaceOrientations_iPhone = "UIInterfaceOrientationPortrait UIInterfaceOrientationLandscapeLeft UIInterfaceOrientationLandscapeRight";
				LD_RUNPATH_SEARCH_PATHS = (
					"$(inherited)",
					"@executable_path/Frameworks",
				);
				MARKETING_VERSION = 1.0;
				PRODUCT_BUNDLE_IDENTIFIER = fardinzam.ListingLens;
				PRODUCT_NAME = "$(TARGET_NAME)";
				STRING_CATALOG_GENERATE_SYMBOLS = YES;
				SWIFT_APPROACHABLE_CONCURRENCY = YES;
				SWIFT_DEFAULT_ACTOR_ISOLATION = MainActor;
				SWIFT_EMIT_LOC_STRINGS = YES;
				SWIFT_UPCOMING_FEATURE_MEMBER_IMPORT_VISIBILITY = YES;
				SWIFT_VERSION = 5.0;
				TARGETED_DEVICE_FAMILY = "1,2";
			};
			name = Release;
		};
		5C68C6BA2FB1CED600DAA561 /* Debug */ = {
			isa = XCBuildConfiguration;
			buildSettings = {
				BUNDLE_LOADER = "$(TEST_HOST)";
				CODE_SIGN_STYLE = Automatic;
				CURRENT_PROJECT_VERSION = 1;
				GENERATE_INFOPLIST_FILE = YES;
				IPHONEOS_DEPLOYMENT_TARGET = 26.2;
				MARKETING_VERSION = 1.0;
				PRODUCT_BUNDLE_IDENTIFIER = fardinzam.ListingLensTests;
				PRODUCT_NAME = "$(TARGET_NAME)";
				STRING_CATALOG_GENERATE_SYMBOLS = NO;
				SWIFT_APPROACHABLE_CONCURRENCY = YES;
				SWIFT_EMIT_LOC_STRINGS = NO;
				SWIFT_UPCOMING_FEATURE_MEMBER_IMPORT_VISIBILITY = YES;
				SWIFT_VERSION = 5.0;
				TARGETED_DEVICE_FAMILY = "1,2";
				TEST_HOST = "$(BUILT_PRODUCTS_DIR)/ListingLens.app/$(BUNDLE_EXECUTABLE_FOLDER_PATH)/ListingLens";
			};
			name = Debug;
		};
		5C68C6BB2FB1CED600DAA561 /* Release */ = {
			isa = XCBuildConfiguration;
			buildSettings = {
				BUNDLE_LOADER = "$(TEST_HOST)";
				CODE_SIGN_STYLE = Automatic;
				CURRENT_PROJECT_VERSION = 1;
				GENERATE_INFOPLIST_FILE = YES;
				IPHONEOS_DEPLOYMENT_TARGET = 26.2;
				MARKETING_VERSION = 1.0;
				PRODUCT_BUNDLE_IDENTIFIER = fardinzam.ListingLensTests;
				PRODUCT_NAME = "$(TARGET_NAME)";
				STRING_CATALOG_GENERATE_SYMBOLS = NO;
				SWIFT_APPROACHABLE_CONCURRENCY = YES;
				SWIFT_EMIT_LOC_STRINGS = NO;
				SWIFT_UPCOMING_FEATURE_MEMBER_IMPORT_VISIBILITY = YES;
				SWIFT_VERSION = 5.0;
				TARGETED_DEVICE_FAMILY = "1,2";
				TEST_HOST = "$(BUILT_PRODUCTS_DIR)/ListingLens.app/$(BUNDLE_EXECUTABLE_FOLDER_PATH)/ListingLens";
			};
			name = Release;
		};
		5C68C6BD2FB1CED600DAA561 /* Debug */ = {
			isa = XCBuildConfiguration;
			buildSettings = {
				CODE_SIGN_STYLE = Automatic;
				CURRENT_PROJECT_VERSION = 1;
				GENERATE_INFOPLIST_FILE = YES;
				MARKETING_VERSION = 1.0;
				PRODUCT_BUNDLE_IDENTIFIER = fardinzam.ListingLensUITests;
				PRODUCT_NAME = "$(TARGET_NAME)";
				STRING_CATALOG_GENERATE_SYMBOLS = NO;
				SWIFT_APPROACHABLE_CONCURRENCY = YES;
				SWIFT_EMIT_LOC_STRINGS = NO;
				SWIFT_UPCOMING_FEATURE_MEMBER_IMPORT_VISIBILITY = YES;
				SWIFT_VERSION = 5.0;
				TARGETED_DEVICE_FAMILY = "1,2";
				TEST_TARGET_NAME = ListingLens;
			};
			name = Debug;
		};
		5C68C6BE2FB1CED600DAA561 /* Release */ = {
			isa = XCBuildConfiguration;
			buildSettings = {
				CODE_SIGN_STYLE = Automatic;
				CURRENT_PROJECT_VERSION = 1;
				GENERATE_INFOPLIST_FILE = YES;
				MARKETING_VERSION = 1.0;
				PRODUCT_BUNDLE_IDENTIFIER = fardinzam.ListingLensUITests;
				PRODUCT_NAME = "$(TARGET_NAME)";
				STRING_CATALOG_GENERATE_SYMBOLS = NO;
				SWIFT_APPROACHABLE_CONCURRENCY = YES;
				SWIFT_EMIT_LOC_STRINGS = NO;
				SWIFT_UPCOMING_FEATURE_MEMBER_IMPORT_VISIBILITY = YES;
				SWIFT_VERSION = 5.0;
				TARGETED_DEVICE_FAMILY = "1,2";
				TEST_TARGET_NAME = ListingLens;
			};
			name = Release;
		};
/* End XCBuildConfiguration section */

/* Begin XCConfigurationList section */
		5C68C68E2FB1CED300DAA561 /* Build configuration list for PBXProject "ListingLens" */ = {
			isa = XCConfigurationList;
			buildConfigurations = (
				5C68C6B42FB1CED600DAA561 /* Debug */,
				5C68C6B52FB1CED600DAA561 /* Release */,
			);
			defaultConfigurationIsVisible = 0;
			defaultConfigurationName = Release;
		};
		5C68C6B62FB1CED600DAA561 /* Build configuration list for PBXNativeTarget "ListingLens" */ = {
			isa = XCConfigurationList;
			buildConfigurations = (
				5C68C6B72FB1CED600DAA561 /* Debug */,
				5C68C6B82FB1CED600DAA561 /* Release */,
			);
			defaultConfigurationIsVisible = 0;
			defaultConfigurationName = Release;
		};
		5C68C6B92FB1CED600DAA561 /* Build configuration list for PBXNativeTarget "ListingLensTests" */ = {
			isa = XCConfigurationList;
			buildConfigurations = (
				5C68C6BA2FB1CED600DAA561 /* Debug */,
				5C68C6BB2FB1CED600DAA561 /* Release */,
			);
			defaultConfigurationIsVisible = 0;
			defaultConfigurationName = Release;
		};
		5C68C6BC2FB1CED600DAA561 /* Build configuration list for PBXNativeTarget "ListingLensUITests" */ = {
			isa = XCConfigurationList;
			buildConfigurations = (
				5C68C6BD2FB1CED600DAA561 /* Debug */,
				5C68C6BE2FB1CED600DAA561 /* Release */,
			);
			defaultConfigurationIsVisible = 0;
			defaultConfigurationName = Release;
		};
/* End XCConfigurationList section */
	};
	rootObject = 5C68C68B2FB1CED300DAA561 /* Project object */;
}
